
Microsoft Visual Studio Solution File, Format Version 12.00
# Visual Studio 15
VisualStudioVersion = 15.0.28307.852
MinimumVisualStudioVersion = 10.0.40219.1
Project("{FAE04EC0-301F-11D3-BF4B-00C04F79EFBC}") = "ITBeep", "ITBeep\ITBeep.csproj", "{151D7BFA-6A77-43F2-8C81-B46C4F0BEC84}"
EndProject
Project("{FAE04EC0-301F-11D3-BF4B-00C04F79EFBC}") = "ITBeepAngular", "ITBeepAngular\ITBeepAngular.csproj", "{DDEAE95B-5325-49F4-BE69-00AC2801E9CE}"
EndProject
Global
	GlobalSection(SolutionConfigurationPlatforms) = preSolution
		Debug|Any CPU = Debug|Any CPU
		Release|Any CPU = Release|Any CPU
	EndGlobalSection
	GlobalSection(ProjectConfigurationPlatforms) = postSolution
		{151D7BFA-6A77-43F2-8C81-B46C4F0BEC84}.Debug|Any CPU.ActiveCfg = Debug|Any CPU
		{151D7BFA-6A77-43F2-8C81-B46C4F0BEC84}.Debug|Any CPU.Build.0 = Debug|Any CPU
		{151D7BFA-6A77-43F2-8C81-B46C4F0BEC84}.Release|Any CPU.ActiveCfg = Release|Any CPU
		{151D7BFA-6A77-43F2-8C81-B46C4F0BEC84}.Release|Any CPU.Build.0 = Release|Any CPU
		{DDEAE95B-5325-49F4-BE69-00AC2801E9CE}.Debug|Any CPU.ActiveCfg = Debug|Any CPU
		{DDEAE95B-5325-49F4-BE69-00AC2801E9CE}.Debug|Any CPU.Build.0 = Debug|Any CPU
		{DDEAE95B-5325-49F4-BE69-00AC2801E9CE}.Release|Any CPU.ActiveCfg = Release|Any CPU
		{DDEAE95B-5325-49F4-BE69-00AC2801E9CE}.Release|Any CPU.Build.0 = Release|Any CPU
	EndGlobalSection
	GlobalSection(SolutionProperties) = preSolution
		HideSolutionNode = FALSE
	EndGlobalSection
	GlobalSection(ExtensibilityGlobals) = postSolution
		SolutionGuid = {82E43700-4ECF-4B3A-B0C8-56AF53ECFAD0}
	EndGlobalSection
EndGlobal
